{
  "version": 4,
  "terraform_version": "1.0.6",
  "serial": 44,
  "lineage": "957a2318-a945-7ae2-f8e4-53157ce03d79",
  "outputs": {},
  "resources": [
    {
      "mode": "data",
      "type": "aws_ami",
      "name": "jenkins-app",
      "provider": "provider[\"registry.terraform.io/hashicorp/aws\"]",
      "instances": [
        {
          "schema_version": 0,
          "attributes": {
            "architecture": "x86_64",
            "arn": "arn:aws:ec2:us-east-1::image/ami-09e67e426f25ce0d7",
            "block_device_mappings": [
              {
                "device_name": "/dev/sda1",
                "ebs": {
                  "delete_on_termination": "true",
                  "encrypted": "false",
                  "iops": "0",
                  "snapshot_id": "snap-0a52a8f51496c3782",
                  "throughput": "0",
                  "volume_size": "8",
                  "volume_type": "gp2"
                },
                "no_device": "",
                "virtual_name": ""
              },
              {
                "device_name": "/dev/sdb",
                "ebs": {},
                "no_device": "",
                "virtual_name": "ephemeral0"
              },
              {
                "device_name": "/dev/sdc",
                "ebs": {},
                "no_device": "",
                "virtual_name": "ephemeral1"
              }
            ],
            "creation_date": "2021-05-01T00:57:36.000Z",
            "description": "Canonical, Ubuntu, 20.04 LTS, amd64 focal image build on 2021-04-30",
            "ena_support": true,
            "executable_users": null,
            "filter": [
              {
                "name": "architecture",
                "values": [
                  "x86_64"
                ]
              },
              {
                "name": "name",
                "values": [
                  "ubuntu/images/hvm-ssd/ubuntu-focal-20.04-amd64-server-20210430"
                ]
              }
            ],
            "hypervisor": "xen",
            "id": "ami-09e67e426f25ce0d7",
            "image_id": "ami-09e67e426f25ce0d7",
            "image_location": "099720109477/ubuntu/images/hvm-ssd/ubuntu-focal-20.04-amd64-server-20210430",
            "image_owner_alias": null,
            "image_type": "machine",
            "kernel_id": null,
            "most_recent": true,
            "name": "ubuntu/images/hvm-ssd/ubuntu-focal-20.04-amd64-server-20210430",
            "name_regex": null,
            "owner_id": "099720109477",
            "owners": [
              "099720109477"
            ],
            "platform": null,
            "platform_details": "Linux/UNIX",
            "product_codes": [],
            "public": true,
            "ramdisk_id": null,
            "root_device_name": "/dev/sda1",
            "root_device_type": "ebs",
            "root_snapshot_id": "snap-0a52a8f51496c3782",
            "sriov_net_support": "simple",
            "state": "available",
            "state_reason": {
              "code": "UNSET",
              "message": "UNSET"
            },
            "tags": {},
            "usage_operation": "RunInstances",
            "virtualization_type": "hvm"
          },
          "sensitive_attributes": []
        }
      ]
    },
    {
      "mode": "data",
      "type": "aws_subnet",
      "name": "subnet_public",
      "provider": "provider[\"registry.terraform.io/hashicorp/aws\"]",
      "instances": [
        {
          "schema_version": 0,
          "attributes": {
            "arn": "arn:aws:ec2:us-east-1:124356934321:subnet/subnet-0f36b5c8a87495218",
            "assign_ipv6_address_on_creation": false,
            "availability_zone": "us-east-1c",
            "availability_zone_id": "use1-az4",
            "available_ip_address_count": 251,
            "cidr_block": "10.0.102.0/24",
            "customer_owned_ipv4_pool": "",
            "default_for_az": false,
            "filter": null,
            "id": "subnet-0f36b5c8a87495218",
            "ipv6_cidr_block": null,
            "ipv6_cidr_block_association_id": null,
            "map_customer_owned_ip_on_launch": false,
            "map_public_ip_on_launch": true,
            "outpost_arn": "",
            "owner_id": "124356934321",
            "state": "available",
            "tags": {
              "Name": "my-vpc-public-us-east-1c"
            },
            "vpc_id": "vpc-09e4be7cb2d0c4ff7"
          },
          "sensitive_attributes": []
        }
      ]
    },
    {
      "mode": "managed",
      "type": "aws_key_pair",
      "name": "jenkins-sshkey",
      "provider": "provider[\"registry.terraform.io/hashicorp/aws\"]",
      "instances": [
        {
          "schema_version": 1,
          "attributes": {
            "arn": "arn:aws:ec2:us-east-1:124356934321:key-pair/jenkins-app-key",
            "fingerprint": "3b:d9:d7:7e:8e:20:98:4c:1d:86:5f:fd:cd:d5:a5:96",
            "id": "jenkins-app-key",
            "key_name": "jenkins-app-key",
            "key_name_prefix": null,
            "key_pair_id": "key-0eebca797b3d3f501",
            "public_key": "ssh-rsa AAAAB3NzaC1yc2EAAAADAQABAAABgQDNd60XfmtlyoQrI7Uy7q+JeN44RCe+aPhDT+00KNAvHGUuFY9M5sIYE9/iD+tBInvEzz/SxAGnPdusO0quzEcDKe7FZzd1NZb23WbNHRF7HtvbUL3+pLUBAskQj8i1fZ+Dfku1H4v/k0YwxAGU5HlJDZhfNhoRgABLOEu87LDRRwdrvBCtoRwMuGrz+r8cbm5VzZGhNBPG0OgHlMXDdHWGiZIi7LepCdkMTRLOHC1OE/2hjgpPgpm//dA0WNERrakcIFn5CH8m0o5q17p19k+Hr7PhMWO1sdHp5cdlbgHiZf/l7m5rX0XBXW76XzjJMkfP6ohS5WFHeY711FlcuIVDj6OwMbWVCsD6oFGprnUkq36STKE6UD/VMmtgWfDKXBEohvGTCJx85sx/AeGEBmTKsv2Jr/oSFVAP00S+q9wmqQFQFTG8KHs0SLj7kLXLg3CzzkYZnV/bUIGbX1ZzYD/fNOREWI3BIuBe3arUv5tPXjFFDmEgpqbE0W1zdNPPUbM= vagrant@iaac-station",
            "tags": {},
            "tags_all": {}
          },
          "sensitive_attributes": [],
          "private": "eyJzY2hlbWFfdmVyc2lvbiI6IjEifQ=="
        }
      ]
    },
    {
      "mode": "managed",
      "type": "aws_network_interface_sg_attachment",
      "name": "jenkins",
      "provider": "provider[\"registry.terraform.io/hashicorp/aws\"]",
      "instances": []
    },
    {
      "mode": "managed",
      "type": "aws_route53_zone",
      "name": "jenkins_zone",
      "provider": "provider[\"registry.terraform.io/hashicorp/aws\"]",
      "instances": [
        {
          "schema_version": 0,
          "attributes": {
            "arn": "arn:aws:route53:::hostedzone/Z079102612U6XLQKXF2Q6",
            "comment": "Managed by Terraform",
            "delegation_set_id": "",
            "force_destroy": false,
            "id": "Z079102612U6XLQKXF2Q6",
            "name": "jenkins-route53-zone-app",
            "name_servers": [
              "ns-0.awsdns-00.com.",
              "ns-1024.awsdns-00.org.",
              "ns-1536.awsdns-00.co.uk.",
              "ns-512.awsdns-00.net."
            ],
            "tags": {
              "customer": "cliente1",
              "env": "prod",
              "project": "slack"
            },
            "tags_all": {
              "customer": "cliente1",
              "env": "prod",
              "project": "slack"
            },
            "vpc": [
              {
                "vpc_id": "vpc-09e4be7cb2d0c4ff7",
                "vpc_region": "us-east-1"
              }
            ],
            "zone_id": "Z079102612U6XLQKXF2Q6"
          },
          "sensitive_attributes": [],
          "private": "bnVsbA=="
        }
      ]
    },
    {
      "mode": "managed",
      "type": "aws_security_group",
      "name": "allow-jenkins",
      "provider": "provider[\"registry.terraform.io/hashicorp/aws\"]",
      "instances": [
        {
          "schema_version": 1,
          "attributes": {
            "arn": "arn:aws:ec2:us-east-1:124356934321:security-group/sg-0c6ec8c567114590c",
            "description": "allow ssh and http port",
            "egress": [],
            "id": "sg-0c6ec8c567114590c",
            "ingress": [],
            "name": "jenkins-sg-app",
            "name_prefix": "",
            "owner_id": "124356934321",
            "revoke_rules_on_delete": false,
            "tags": {
              "Name": "jenkins-sg-app",
              "customer": "cliente1",
              "env": "prod",
              "project": "slack"
            },
            "tags_all": {
              "Name": "jenkins-sg-app",
              "customer": "cliente1",
              "env": "prod",
              "project": "slack"
            },
            "timeouts": null,
            "vpc_id": "vpc-09e4be7cb2d0c4ff7"
          },
          "sensitive_attributes": [],
          "private": "eyJlMmJmYjczMC1lY2FhLTExZTYtOGY4OC0zNDM2M2JjN2M0YzAiOnsiY3JlYXRlIjo2MDAwMDAwMDAwMDAsImRlbGV0ZSI6OTAwMDAwMDAwMDAwfSwic2NoZW1hX3ZlcnNpb24iOiIxIn0="
        }
      ]
    },
    {
      "mode": "managed",
      "type": "aws_security_group_rule",
      "name": "allow-jenkins-egress-all",
      "provider": "provider[\"registry.terraform.io/hashicorp/aws\"]",
      "instances": [
        {
          "schema_version": 2,
          "attributes": {
            "cidr_blocks": [
              "0.0.0.0/0"
            ],
            "description": null,
            "from_port": 0,
            "id": "sgrule-1042088063",
            "ipv6_cidr_blocks": null,
            "prefix_list_ids": null,
            "protocol": "tcp",
            "security_group_id": "sg-0c6ec8c567114590c",
            "self": false,
            "source_security_group_id": null,
            "to_port": 0,
            "type": "egress"
          },
          "sensitive_attributes": [],
          "private": "eyJzY2hlbWFfdmVyc2lvbiI6IjIifQ==",
          "dependencies": [
            "aws_security_group.allow-jenkins"
          ]
        }
      ]
    },
    {
      "mode": "managed",
      "type": "aws_security_group_rule",
      "name": "allow-jenkins-ingress-http",
      "provider": "provider[\"registry.terraform.io/hashicorp/aws\"]",
      "instances": [
        {
          "schema_version": 2,
          "attributes": {
            "cidr_blocks": [
              "0.0.0.0/0"
            ],
            "description": null,
            "from_port": 8080,
            "id": "sgrule-2307321681",
            "ipv6_cidr_blocks": null,
            "prefix_list_ids": null,
            "protocol": "tcp",
            "security_group_id": "sg-0c6ec8c567114590c",
            "self": false,
            "source_security_group_id": null,
            "to_port": 8080,
            "type": "ingress"
          },
          "sensitive_attributes": [],
          "private": "eyJzY2hlbWFfdmVyc2lvbiI6IjIifQ==",
          "dependencies": [
            "aws_security_group.allow-jenkins"
          ]
        }
      ]
    },
    {
      "mode": "managed",
      "type": "aws_security_group_rule",
      "name": "allow-jenkins-ingress-ssh",
      "provider": "provider[\"registry.terraform.io/hashicorp/aws\"]",
      "instances": [
        {
          "schema_version": 2,
          "attributes": {
            "cidr_blocks": [
              "0.0.0.0/0"
            ],
            "description": null,
            "from_port": 22,
            "id": "sgrule-3548455580",
            "ipv6_cidr_blocks": null,
            "prefix_list_ids": null,
            "protocol": "tcp",
            "security_group_id": "sg-0c6ec8c567114590c",
            "self": false,
            "source_security_group_id": null,
            "to_port": 22,
            "type": "ingress"
          },
          "sensitive_attributes": [],
          "private": "eyJzY2hlbWFfdmVyc2lvbiI6IjIifQ==",
          "dependencies": [
            "aws_security_group.allow-jenkins"
          ]
        }
      ]
    }
  ]
}
